
Microsoft Visual Studio Solution File, Format Version 12.00
# Visual Studio Version 17
VisualStudioVersion = 17.10.35027.167
MinimumVisualStudioVersion = 10.0.40219.1
Project("{F184B08F-C81C-45F6-A57F-5ABD9991F28F}") = "test1-5", "test1-5\test1-5.vbproj", "{0EF4DF07-D9EB-4662-8CCA-2AC31651AB87}"
EndProject
Global
	GlobalSection(SolutionConfigurationPlatforms) = preSolution
		Debug|Any CPU = Debug|Any CPU
		Release|Any CPU = Release|Any CPU
	EndGlobalSection
	GlobalSection(ProjectConfigurationPlatforms) = postSolution
		{0EF4DF07-D9EB-4662-8CCA-2AC31651AB87}.Debug|Any CPU.ActiveCfg = Debug|Any CPU
		{0EF4DF07-D9EB-4662-8CCA-2AC31651AB87}.Debug|Any CPU.Build.0 = Debug|Any CPU
		{0EF4DF07-D9EB-4662-8CCA-2AC31651AB87}.Release|Any CPU.ActiveCfg = Release|Any CPU
		{0EF4DF07-D9EB-4662-8CCA-2AC31651AB87}.Release|Any CPU.Build.0 = Release|Any CPU
	EndGlobalSection
	GlobalSection(SolutionProperties) = preSolution
		HideSolutionNode = FALSE
	EndGlobalSection
	GlobalSection(ExtensibilityGlobals) = postSolution
		SolutionGuid = {249720B4-6466-46E3-856E-B7327519E649}
	EndGlobalSection
EndGlobal
